
Microsoft Visual Studio Solution File, Format Version 12.00
# Visual Studio Version 16
VisualStudioVersion = 16.0.31112.23
MinimumVisualStudioVersion = 10.0.40219.1
Project("{FAE04EC0-301F-11D3-BF4B-00C04F79EFBC}") = "TriPersonne", "TriPersonne\TriPersonne.csproj", "{D4186E80-A2DE-4754-874C-9ED174928921}"
EndProject
Global
	GlobalSection(SolutionConfigurationPlatforms) = preSolution
		Debug|Any CPU = Debug|Any CPU
		Release|Any CPU = Release|Any CPU
	EndGlobalSection
	GlobalSection(ProjectConfigurationPlatforms) = postSolution
		{D4186E80-A2DE-4754-874C-9ED174928921}.Debug|Any CPU.ActiveCfg = Debug|Any CPU
		{D4186E80-A2DE-4754-874C-9ED174928921}.Debug|Any CPU.Build.0 = Debug|Any CPU
		{D4186E80-A2DE-4754-874C-9ED174928921}.Release|Any CPU.ActiveCfg = Release|Any CPU
		{D4186E80-A2DE-4754-874C-9ED174928921}.Release|Any CPU.Build.0 = Release|Any CPU
	EndGlobalSection
	GlobalSection(SolutionProperties) = preSolution
		HideSolutionNode = FALSE
	EndGlobalSection
	GlobalSection(ExtensibilityGlobals) = postSolution
		SolutionGuid = {85117D40-CE1D-4182-81F3-800AF0011CFA}
	EndGlobalSection
EndGlobal
