
Microsoft Visual Studio Solution File, Format Version 12.00
# Visual Studio Version 16
VisualStudioVersion = 16.0.31112.23
MinimumVisualStudioVersion = 10.0.40219.1
Project("{FAE04EC0-301F-11D3-BF4B-00C04F79EFBC}") = "Exo1", "Exo1\Exo1.csproj", "{8BC13759-5672-487E-9564-8DB14BE0F0B0}"
EndProject
Global
	GlobalSection(SolutionConfigurationPlatforms) = preSolution
		Debug|Any CPU = Debug|Any CPU
		Release|Any CPU = Release|Any CPU
	EndGlobalSection
	GlobalSection(ProjectConfigurationPlatforms) = postSolution
		{8BC13759-5672-487E-9564-8DB14BE0F0B0}.Debug|Any CPU.ActiveCfg = Debug|Any CPU
		{8BC13759-5672-487E-9564-8DB14BE0F0B0}.Debug|Any CPU.Build.0 = Debug|Any CPU
		{8BC13759-5672-487E-9564-8DB14BE0F0B0}.Release|Any CPU.ActiveCfg = Release|Any CPU
		{8BC13759-5672-487E-9564-8DB14BE0F0B0}.Release|Any CPU.Build.0 = Release|Any CPU
	EndGlobalSection
	GlobalSection(SolutionProperties) = preSolution
		HideSolutionNode = FALSE
	EndGlobalSection
	GlobalSection(ExtensibilityGlobals) = postSolution
		SolutionGuid = {3ACAA38F-DB3A-4F74-A418-D705FA2A8E3D}
	EndGlobalSection
EndGlobal
